{
  "name": "GomitasAngel",
  "lockfileVersion": 2,
  "requires": true,
  "packages": {
    "": {
      "dependencies": {
        "@babylonjs/inspector": "^5.23.0",
        "babylonjs-gui": "^5.23.0"
      }
    },
    "node_modules/@babylonjs/core": {
      "version": "5.23.0",
      "resolved": "https://registry.npmjs.org/@babylonjs/core/-/core-5.23.0.tgz",
      "integrity": "sha512-7sU816nA8P//LIa1bzIMNy8zr8Hr17Qwf4cYDeENIdZJxkY1miubXfG7oz2J9ZNKK2I/8T17iTcFYDKOnFU09w==",
      "peer": true
    },
    "node_modules/@babylonjs/gui": {
      "version": "5.23.0",
      "resolved": "https://registry.npmjs.org/@babylonjs/gui/-/gui-5.23.0.tgz",
      "integrity": "sha512-oqoUZsN8FbcuCmd61Y64legYxqhYlqSB0qjbh7ZDn21o3JCj4fauUQ9yHQKDkKSOQUOvZzuB4hOgNvk9eS7iTw==",
      "peer": true,
      "peerDependencies": {
        "@babylonjs/core": "^5.22.0"
      }
    },
    "node_modules/@babylonjs/gui-editor": {
      "version": "5.23.0",
      "resolved": "https://registry.npmjs.org/@babylonjs/gui-editor/-/gui-editor-5.23.0.tgz",
      "integrity": "sha512-/3A/KhN/wZNdfbmRcjqMtLx5BQUZ1cTydJ02KRMCgg7usA9wUGGsdAlTwHtsWCYHGNMjcCqL6Xbb+PqqoXjCUA==",
      "peer": true,
      "peerDependencies": {
        "@babylonjs/core": "^5.22.0",
        "@babylonjs/gui": "^5.22.0",
        "@types/react": ">=16.7.3",
        "@types/react-dom": ">=16.0.9"
      }
    },
    "node_modules/@babylonjs/inspector": {
      "version": "5.23.0",
      "resolved": "https://registry.npmjs.org/@babylonjs/inspector/-/inspector-5.23.0.tgz",
      "integrity": "sha512-yJ8MzKCGMbfu9a9bqzFiDD/cB0CtdeNws3wroXzkfcGfkYmyWw3+r+K5IUH0TMYcVDxR7XsfjA4C4W3RcfKH8A==",
      "dependencies": {
        "@fortawesome/fontawesome-svg-core": "^6.1.0",
        "@fortawesome/free-regular-svg-icons": "^6.0.0",
        "@fortawesome/free-solid-svg-icons": "^6.0.0"
      },
      "peerDependencies": {
        "@babylonjs/core": "^5.22.0",
        "@babylonjs/gui": "^5.22.0",
        "@babylonjs/gui-editor": "^5.22.0",
        "@babylonjs/loaders": "^5.22.0",
        "@babylonjs/materials": "^5.22.0",
        "@babylonjs/serializers": "^5.22.0",
        "@types/react": ">=16.7.3",
        "@types/react-dom": ">=16.0.9"
      }
    },
    "node_modules/@babylonjs/loaders": {
      "version": "5.23.0",
      "resolved": "https://registry.npmjs.org/@babylonjs/loaders/-/loaders-5.23.0.tgz",
      "integrity": "sha512-h3qAShaDq8eV+mEFqYHeUmNDgmCtwX88cSs6zcXdp7PuCl1EHisky30a1qzPE/wvgONeh9AZAuHwTnsYLyv3YA==",
      "peer": true,
      "peerDependencies": {
        "@babylonjs/core": "^5.22.0",
        "babylonjs-gltf2interface": "^5.22.0"
      }
    },
    "node_modules/@babylonjs/materials": {
      "version": "5.23.0",
      "resolved": "https://registry.npmjs.org/@babylonjs/materials/-/materials-5.23.0.tgz",
      "integrity": "sha512-Qu3gQyydb+pYgGjVg0ek3HBLT14YuxZqSheZ3J0TzhBwnSymjpOODa5cM91HfHf2wy12YoPsJdJ2XTcqb4R3+Q==",
      "peer": true,
      "peerDependencies": {
        "@babylonjs/core": "^5.22.0"
      }
    },
    "node_modules/@babylonjs/serializers": {
      "version": "5.23.0",
      "resolved": "https://registry.npmjs.org/@babylonjs/serializers/-/serializers-5.23.0.tgz",
      "integrity": "sha512-MOw/5wBBItIM3Fj/LvpVjuRatqrtFEIEO4YvQwaIxGxKHMtsd+uSQc302v1sIEWRGDRkXnxQlGIc6ziqhih1mw==",
      "peer": true,
      "peerDependencies": {
        "@babylonjs/core": "^5.22.0",
        "babylonjs-gltf2interface": "^5.22.0"
      }
    },
    "node_modules/@fortawesome/fontawesome-common-types": {
      "version": "6.2.0",
      "resolved": "https://registry.npmjs.org/@fortawesome/fontawesome-common-types/-/fontawesome-common-types-6.2.0.tgz",
      "integrity": "sha512-rBevIsj2nclStJ7AxTdfsa3ovHb1H+qApwrxcTVo+NNdeJiB9V75hsKfrkG5AwNcRUNxrPPiScGYCNmLMoh8pg==",
      "hasInstallScript": true,
      "engines": {
        "node": ">=6"
      }
    },
    "node_modules/@fortawesome/fontawesome-svg-core": {
      "version": "6.2.0",
      "resolved": "https://registry.npmjs.org/@fortawesome/fontawesome-svg-core/-/fontawesome-svg-core-6.2.0.tgz",
      "integrity": "sha512-Cf2mAAeMWFMzpLC7Y9H1I4o3wEU+XovVJhTiNG8ZNgSQj53yl7OCJaS80K4YjrABWZzbAHVaoHE1dVJ27AAYXw==",
      "hasInstallScript": true,
      "dependencies": {
        "@fortawesome/fontawesome-common-types": "6.2.0"
      },
      "engines": {
        "node": ">=6"
      }
    },
    "node_modules/@fortawesome/free-regular-svg-icons": {
      "version": "6.2.0",
      "resolved": "https://registry.npmjs.org/@fortawesome/free-regular-svg-icons/-/free-regular-svg-icons-6.2.0.tgz",
      "integrity": "sha512-M1dG+PAmkYMTL9BSUHFXY5oaHwBYfHCPhbJ8qj8JELsc9XCrUJ6eEHWip4q0tE+h9C0DVyFkwIM9t7QYyCpprQ==",
      "hasInstallScript": true,
      "dependencies": {
        "@fortawesome/fontawesome-common-types": "6.2.0"
      },
      "engines": {
        "node": ">=6"
      }
    },
    "node_modules/@fortawesome/free-solid-svg-icons": {
      "version": "6.2.0",
      "resolved": "https://registry.npmjs.org/@fortawesome/free-solid-svg-icons/-/free-solid-svg-icons-6.2.0.tgz",
      "integrity": "sha512-UjCILHIQ4I8cN46EiQn0CZL/h8AwCGgR//1c4R96Q5viSRwuKVo0NdQEc4bm+69ZwC0dUvjbDqAHF1RR5FA3XA==",
      "hasInstallScript": true,
      "dependencies": {
        "@fortawesome/fontawesome-common-types": "6.2.0"
      },
      "engines": {
        "node": ">=6"
      }
    },
    "node_modules/@types/prop-types": {
      "version": "15.7.5",
      "resolved": "https://registry.npmjs.org/@types/prop-types/-/prop-types-15.7.5.tgz",
      "integrity": "sha512-JCB8C6SnDoQf0cNycqd/35A7MjcnK+ZTqE7judS6o7utxUCg6imJg3QK2qzHKszlTjcj2cn+NwMB2i96ubpj7w==",
      "peer": true
    },
    "node_modules/@types/react": {
      "version": "18.0.19",
      "resolved": "https://registry.npmjs.org/@types/react/-/react-18.0.19.tgz",
      "integrity": "sha512-BDc3Q+4Q3zsn7k9xZrKfjWyJsSlEDMs38gD1qp2eDazLCdcPqAT+vq1ND+Z8AGel/UiwzNUk8ptpywgNQcJ1MQ==",
      "peer": true,
      "dependencies": {
        "@types/prop-types": "*",
        "@types/scheduler": "*",
        "csstype": "^3.0.2"
      }
    },
    "node_modules/@types/react-dom": {
      "version": "18.0.6",
      "resolved": "https://registry.npmjs.org/@types/react-dom/-/react-dom-18.0.6.tgz",
      "integrity": "sha512-/5OFZgfIPSwy+YuIBP/FgJnQnsxhZhjjrnxudMddeblOouIodEQ75X14Rr4wGSG/bknL+Omy9iWlLo1u/9GzAA==",
      "peer": true,
      "dependencies": {
        "@types/react": "*"
      }
    },
    "node_modules/@types/scheduler": {
      "version": "0.16.2",
      "resolved": "https://registry.npmjs.org/@types/scheduler/-/scheduler-0.16.2.tgz",
      "integrity": "sha512-hppQEBDmlwhFAXKJX2KnWLYu5yMfi91yazPb2l+lbJiwW+wdo1gNeRA+3RgNSO39WYX2euey41KEwnqesU2Jew==",
      "peer": true
    },
    "node_modules/babylonjs": {
      "version": "5.23.0",
      "resolved": "https://registry.npmjs.org/babylonjs/-/babylonjs-5.23.0.tgz",
      "integrity": "sha512-XyXWsD6YdaYwaE9F1UR2Las5QrqkhTw+FJWG0R4gczSoXiEjeW0AqlfUtwcqOFPyBeIxNL1V+5Siy96eu32oJQ==",
      "hasInstallScript": true
    },
    "node_modules/babylonjs-gltf2interface": {
      "version": "5.23.0",
      "resolved": "https://registry.npmjs.org/babylonjs-gltf2interface/-/babylonjs-gltf2interface-5.23.0.tgz",
      "integrity": "sha512-e+XRk0kdz+c30iEcYZRYH20OrY5/RPHe/MmDk5irAxgKzKMLM4489vg25WJUoprUx3i3EYIY2Jz31AJvLimkGg==",
      "peer": true
    },
    "node_modules/babylonjs-gui": {
      "version": "5.23.0",
      "resolved": "https://registry.npmjs.org/babylonjs-gui/-/babylonjs-gui-5.23.0.tgz",
      "integrity": "sha512-o7nvL2Zc1imW8LaE0Aj+9HFQJnGzYDOD9nZut2i4YbQ/AQ5gXzOFZz+DzWX/m+SULn/cq189kuBs98OajlUMHw==",
      "dependencies": {
        "babylonjs": "^5.23.0"
      }
    },
    "node_modules/csstype": {
      "version": "3.1.0",
      "resolved": "https://registry.npmjs.org/csstype/-/csstype-3.1.0.tgz",
      "integrity": "sha512-uX1KG+x9h5hIJsaKR9xHUeUraxf8IODOwq9JLNPq6BwB04a/xgpq3rcx47l5BZu5zBPlgD342tdke3Hom/nJRA==",
      "peer": true
    }
  },
  "dependencies": {
    "@babylonjs/core": {
      "version": "5.23.0",
      "resolved": "https://registry.npmjs.org/@babylonjs/core/-/core-5.23.0.tgz",
      "integrity": "sha512-7sU816nA8P//LIa1bzIMNy8zr8Hr17Qwf4cYDeENIdZJxkY1miubXfG7oz2J9ZNKK2I/8T17iTcFYDKOnFU09w==",
      "peer": true
    },
    "@babylonjs/gui": {
      "version": "5.23.0",
      "resolved": "https://registry.npmjs.org/@babylonjs/gui/-/gui-5.23.0.tgz",
      "integrity": "sha512-oqoUZsN8FbcuCmd61Y64legYxqhYlqSB0qjbh7ZDn21o3JCj4fauUQ9yHQKDkKSOQUOvZzuB4hOgNvk9eS7iTw==",
      "peer": true,
      "requires": {}
    },
    "@babylonjs/gui-editor": {
      "version": "5.23.0",
      "resolved": "https://registry.npmjs.org/@babylonjs/gui-editor/-/gui-editor-5.23.0.tgz",
      "integrity": "sha512-/3A/KhN/wZNdfbmRcjqMtLx5BQUZ1cTydJ02KRMCgg7usA9wUGGsdAlTwHtsWCYHGNMjcCqL6Xbb+PqqoXjCUA==",
      "peer": true,
      "requires": {}
    },
    "@babylonjs/inspector": {
      "version": "5.23.0",
      "resolved": "https://registry.npmjs.org/@babylonjs/inspector/-/inspector-5.23.0.tgz",
      "integrity": "sha512-yJ8MzKCGMbfu9a9bqzFiDD/cB0CtdeNws3wroXzkfcGfkYmyWw3+r+K5IUH0TMYcVDxR7XsfjA4C4W3RcfKH8A==",
      "requires": {
        "@fortawesome/fontawesome-svg-core": "^6.1.0",
        "@fortawesome/free-regular-svg-icons": "^6.0.0",
        "@fortawesome/free-solid-svg-icons": "^6.0.0"
      }
    },
    "@babylonjs/loaders": {
      "version": "5.23.0",
      "resolved": "https://registry.npmjs.org/@babylonjs/loaders/-/loaders-5.23.0.tgz",
      "integrity": "sha512-h3qAShaDq8eV+mEFqYHeUmNDgmCtwX88cSs6zcXdp7PuCl1EHisky30a1qzPE/wvgONeh9AZAuHwTnsYLyv3YA==",
      "peer": true,
      "requires": {}
    },
    "@babylonjs/materials": {
      "version": "5.23.0",
      "resolved": "https://registry.npmjs.org/@babylonjs/materials/-/materials-5.23.0.tgz",
      "integrity": "sha512-Qu3gQyydb+pYgGjVg0ek3HBLT14YuxZqSheZ3J0TzhBwnSymjpOODa5cM91HfHf2wy12YoPsJdJ2XTcqb4R3+Q==",
      "peer": true,
      "requires": {}
    },
    "@babylonjs/serializers": {
      "version": "5.23.0",
      "resolved": "https://registry.npmjs.org/@babylonjs/serializers/-/serializers-5.23.0.tgz",
      "integrity": "sha512-MOw/5wBBItIM3Fj/LvpVjuRatqrtFEIEO4YvQwaIxGxKHMtsd+uSQc302v1sIEWRGDRkXnxQlGIc6ziqhih1mw==",
      "peer": true,
      "requires": {}
    },
    "@fortawesome/fontawesome-common-types": {
      "version": "6.2.0",
      "resolved": "https://registry.npmjs.org/@fortawesome/fontawesome-common-types/-/fontawesome-common-types-6.2.0.tgz",
      "integrity": "sha512-rBevIsj2nclStJ7AxTdfsa3ovHb1H+qApwrxcTVo+NNdeJiB9V75hsKfrkG5AwNcRUNxrPPiScGYCNmLMoh8pg=="
    },
    "@fortawesome/fontawesome-svg-core": {
      "version": "6.2.0",
      "resolved": "https://registry.npmjs.org/@fortawesome/fontawesome-svg-core/-/fontawesome-svg-core-6.2.0.tgz",
      "integrity": "sha512-Cf2mAAeMWFMzpLC7Y9H1I4o3wEU+XovVJhTiNG8ZNgSQj53yl7OCJaS80K4YjrABWZzbAHVaoHE1dVJ27AAYXw==",
      "requires": {
        "@fortawesome/fontawesome-common-types": "6.2.0"
      }
    },
    "@fortawesome/free-regular-svg-icons": {
      "version": "6.2.0",
      "resolved": "https://registry.npmjs.org/@fortawesome/free-regular-svg-icons/-/free-regular-svg-icons-6.2.0.tgz",
      "integrity": "sha512-M1dG+PAmkYMTL9BSUHFXY5oaHwBYfHCPhbJ8qj8JELsc9XCrUJ6eEHWip4q0tE+h9C0DVyFkwIM9t7QYyCpprQ==",
      "requires": {
        "@fortawesome/fontawesome-common-types": "6.2.0"
      }
    },
    "@fortawesome/free-solid-svg-icons": {
      "version": "6.2.0",
      "resolved": "https://registry.npmjs.org/@fortawesome/free-solid-svg-icons/-/free-solid-svg-icons-6.2.0.tgz",
      "integrity": "sha512-UjCILHIQ4I8cN46EiQn0CZL/h8AwCGgR//1c4R96Q5viSRwuKVo0NdQEc4bm+69ZwC0dUvjbDqAHF1RR5FA3XA==",
      "requires": {
        "@fortawesome/fontawesome-common-types": "6.2.0"
      }
    },
    "@types/prop-types": {
      "version": "15.7.5",
      "resolved": "https://registry.npmjs.org/@types/prop-types/-/prop-types-15.7.5.tgz",
      "integrity": "sha512-JCB8C6SnDoQf0cNycqd/35A7MjcnK+ZTqE7judS6o7utxUCg6imJg3QK2qzHKszlTjcj2cn+NwMB2i96ubpj7w==",
      "peer": true
    },
    "@types/react": {
      "version": "18.0.19",
      "resolved": "https://registry.npmjs.org/@types/react/-/react-18.0.19.tgz",
      "integrity": "sha512-BDc3Q+4Q3zsn7k9xZrKfjWyJsSlEDMs38gD1qp2eDazLCdcPqAT+vq1ND+Z8AGel/UiwzNUk8ptpywgNQcJ1MQ==",
      "peer": true,
      "requires": {
        "@types/prop-types": "*",
        "@types/scheduler": "*",
        "csstype": "^3.0.2"
      }
    },
    "@types/react-dom": {
      "version": "18.0.6",
      "resolved": "https://registry.npmjs.org/@types/react-dom/-/react-dom-18.0.6.tgz",
      "integrity": "sha512-/5OFZgfIPSwy+YuIBP/FgJnQnsxhZhjjrnxudMddeblOouIodEQ75X14Rr4wGSG/bknL+Omy9iWlLo1u/9GzAA==",
      "peer": true,
      "requires": {
        "@types/react": "*"
      }
    },
    "@types/scheduler": {
      "version": "0.16.2",
      "resolved": "https://registry.npmjs.org/@types/scheduler/-/scheduler-0.16.2.tgz",
      "integrity": "sha512-hppQEBDmlwhFAXKJX2KnWLYu5yMfi91yazPb2l+lbJiwW+wdo1gNeRA+3RgNSO39WYX2euey41KEwnqesU2Jew==",
      "peer": true
    },
    "babylonjs": {
      "version": "5.23.0",
      "resolved": "https://registry.npmjs.org/babylonjs/-/babylonjs-5.23.0.tgz",
      "integrity": "sha512-XyXWsD6YdaYwaE9F1UR2Las5QrqkhTw+FJWG0R4gczSoXiEjeW0AqlfUtwcqOFPyBeIxNL1V+5Siy96eu32oJQ=="
    },
    "babylonjs-gltf2interface": {
      "version": "5.23.0",
      "resolved": "https://registry.npmjs.org/babylonjs-gltf2interface/-/babylonjs-gltf2interface-5.23.0.tgz",
      "integrity": "sha512-e+XRk0kdz+c30iEcYZRYH20OrY5/RPHe/MmDk5irAxgKzKMLM4489vg25WJUoprUx3i3EYIY2Jz31AJvLimkGg==",
      "peer": true
    },
    "babylonjs-gui": {
      "version": "5.23.0",
      "resolved": "https://registry.npmjs.org/babylonjs-gui/-/babylonjs-gui-5.23.0.tgz",
      "integrity": "sha512-o7nvL2Zc1imW8LaE0Aj+9HFQJnGzYDOD9nZut2i4YbQ/AQ5gXzOFZz+DzWX/m+SULn/cq189kuBs98OajlUMHw==",
      "requires": {
        "babylonjs": "^5.23.0"
      }
    },
    "csstype": {
      "version": "3.1.0",
      "resolved": "https://registry.npmjs.org/csstype/-/csstype-3.1.0.tgz",
      "integrity": "sha512-uX1KG+x9h5hIJsaKR9xHUeUraxf8IODOwq9JLNPq6BwB04a/xgpq3rcx47l5BZu5zBPlgD342tdke3Hom/nJRA==",
      "peer": true
    }
  }
}
